
Microsoft Visual Studio Solution File, Format Version 12.00
# Visual Studio Version 16
VisualStudioVersion = 16.0.30804.86
MinimumVisualStudioVersion = 10.0.40219.1
Project("{FAE04EC0-301F-11D3-BF4B-00C04F79EFBC}") = "pro100xz", "pro100xz\pro100xz.csproj", "{88906CAC-3CDB-4A5C-98AF-DE67BAB7A275}"
EndProject
Global
	GlobalSection(SolutionConfigurationPlatforms) = preSolution
		Debug|Any CPU = Debug|Any CPU
		Release|Any CPU = Release|Any CPU
	EndGlobalSection
	GlobalSection(ProjectConfigurationPlatforms) = postSolution
		{88906CAC-3CDB-4A5C-98AF-DE67BAB7A275}.Debug|Any CPU.ActiveCfg = Debug|Any CPU
		{88906CAC-3CDB-4A5C-98AF-DE67BAB7A275}.Debug|Any CPU.Build.0 = Debug|Any CPU
		{88906CAC-3CDB-4A5C-98AF-DE67BAB7A275}.Release|Any CPU.ActiveCfg = Release|Any CPU
		{88906CAC-3CDB-4A5C-98AF-DE67BAB7A275}.Release|Any CPU.Build.0 = Release|Any CPU
	EndGlobalSection
	GlobalSection(SolutionProperties) = preSolution
		HideSolutionNode = FALSE
	EndGlobalSection
	GlobalSection(ExtensibilityGlobals) = postSolution
		SolutionGuid = {6728CE22-3546-4253-B91F-D5D1B7DC6A9E}
	EndGlobalSection
EndGlobal
